{
  "version": 4,
  "terraform_version": "1.11.4",
  "serial": 49,
  "lineage": "905c0b2c-bd87-28cd-c254-987f423a681b",
  "outputs": {
    "vm_public_ip": {
      "value": "4.206.91.168",
      "type": "string"
    }
  },
  "resources": [
    {
      "mode": "data",
      "type": "azurerm_key_vault",
      "name": "example",
      "provider": "provider[\"registry.terraform.io/hashicorp/azurerm\"]",
      "instances": [
        {
          "schema_version": 0,
          "attributes": {
            "access_policy": [
              {
                "application_id": "",
                "certificate_permissions": [
                  "Get",
                  "List",
                  "Update",
                  "Create",
                  "Import",
                  "Delete",
                  "Recover",
                  "Backup",
                  "Restore",
                  "ManageContacts",
                  "ManageIssuers",
                  "GetIssuers",
                  "ListIssuers",
                  "SetIssuers",
                  "DeleteIssuers",
                  "Purge"
                ],
                "key_permissions": [
                  "Get",
                  "List",
                  "Update",
                  "Create",
                  "Import",
                  "Delete",
                  "Recover",
                  "Backup",
                  "Restore",
                  "GetRotationPolicy",
                  "SetRotationPolicy",
                  "Rotate",
                  "Encrypt",
                  "Decrypt",
                  "UnwrapKey",
                  "WrapKey",
                  "Verify",
                  "Sign",
                  "Purge",
                  "Release"
                ],
                "object_id": "690d188d-3747-4513-826b-1d4bb81f1082",
                "secret_permissions": [
                  "Get",
                  "List",
                  "Set",
                  "Delete",
                  "Recover",
                  "Backup",
                  "Restore",
                  "Purge"
                ],
                "storage_permissions": [],
                "tenant_id": "42ea3d44-e2af-475e-8222-65551624c9e7"
              },
              {
                "application_id": "",
                "certificate_permissions": [
                  "Get",
                  "List",
                  "Update",
                  "Create",
                  "Import",
                  "Delete",
                  "Recover",
                  "Backup",
                  "Restore",
                  "ManageContacts",
                  "ManageIssuers",
                  "GetIssuers",
                  "ListIssuers",
                  "SetIssuers",
                  "DeleteIssuers",
                  "Purge"
                ],
                "key_permissions": [
                  "Get",
                  "List",
                  "Update",
                  "Create",
                  "Import",
                  "Delete",
                  "Recover",
                  "Backup",
                  "Restore",
                  "GetRotationPolicy",
                  "SetRotationPolicy",
                  "Rotate",
                  "Purge",
                  "Release",
                  "Encrypt",
                  "Decrypt",
                  "UnwrapKey",
                  "WrapKey",
                  "Verify",
                  "Sign"
                ],
                "object_id": "dce30e83-2282-44f8-b4ea-35037195db7a",
                "secret_permissions": [
                  "Get",
                  "List",
                  "Set",
                  "Delete",
                  "Recover",
                  "Backup",
                  "Restore",
                  "Purge"
                ],
                "storage_permissions": [],
                "tenant_id": "42ea3d44-e2af-475e-8222-65551624c9e7"
              }
            ],
            "enable_rbac_authorization": false,
            "enabled_for_deployment": true,
            "enabled_for_disk_encryption": false,
            "enabled_for_template_deployment": false,
            "id": "/subscriptions/8174c7c1-0633-4f33-af31-990f0e2b3f83/resourceGroups/jenkins-tf-rg/providers/Microsoft.KeyVault/vaults/jenkins-tf-keyvault",
            "location": "canadacentral",
            "name": "jenkins-tf-keyvault",
            "network_acls": [],
            "public_network_access_enabled": true,
            "purge_protection_enabled": false,
            "resource_group_name": "jenkins-tf-rg",
            "sku_name": "standard",
            "tags": {},
            "tenant_id": "42ea3d44-e2af-475e-8222-65551624c9e7",
            "timeouts": null,
            "vault_uri": "https://jenkins-tf-keyvault.vault.azure.net/"
          },
          "sensitive_attributes": []
        }
      ]
    },
    {
      "mode": "data",
      "type": "azurerm_key_vault_secret",
      "name": "admin_password",
      "provider": "provider[\"registry.terraform.io/hashicorp/azurerm\"]",
      "instances": [
        {
          "schema_version": 0,
          "attributes": {
            "content_type": "",
            "expiration_date": null,
            "id": "https://jenkins-tf-keyvault.vault.azure.net/secrets/admin-password/2e407451891f4ac69e43a9e0a9ab9456",
            "key_vault_id": "/subscriptions/8174c7c1-0633-4f33-af31-990f0e2b3f83/resourceGroups/jenkins-tf-rg/providers/Microsoft.KeyVault/vaults/jenkins-tf-keyvault",
            "name": "admin-password",
            "not_before_date": null,
            "resource_id": "/subscriptions/8174c7c1-0633-4f33-af31-990f0e2b3f83/resourceGroups/jenkins-tf-rg/providers/Microsoft.KeyVault/vaults/jenkins-tf-keyvault/secrets/admin-password/versions/2e407451891f4ac69e43a9e0a9ab9456",
            "resource_versionless_id": "/subscriptions/8174c7c1-0633-4f33-af31-990f0e2b3f83/resourceGroups/jenkins-tf-rg/providers/Microsoft.KeyVault/vaults/jenkins-tf-keyvault/secrets/admin-password",
            "tags": {
              "file-encoding": "utf-8"
            },
            "timeouts": null,
            "value": "Password@123",
            "version": "2e407451891f4ac69e43a9e0a9ab9456",
            "versionless_id": "https://jenkins-tf-keyvault.vault.azure.net/secrets/admin-password"
          },
          "sensitive_attributes": [
            [
              {
                "type": "get_attr",
                "value": "value"
              }
            ]
          ]
        }
      ]
    },
    {
      "mode": "data",
      "type": "azurerm_key_vault_secret",
      "name": "admin_username",
      "provider": "provider[\"registry.terraform.io/hashicorp/azurerm\"]",
      "instances": [
        {
          "schema_version": 0,
          "attributes": {
            "content_type": "",
            "expiration_date": null,
            "id": "https://jenkins-tf-keyvault.vault.azure.net/secrets/admin-username/1da3688be3204872a5b5d54b08add067",
            "key_vault_id": "/subscriptions/8174c7c1-0633-4f33-af31-990f0e2b3f83/resourceGroups/jenkins-tf-rg/providers/Microsoft.KeyVault/vaults/jenkins-tf-keyvault",
            "name": "admin-username",
            "not_before_date": null,
            "resource_id": "/subscriptions/8174c7c1-0633-4f33-af31-990f0e2b3f83/resourceGroups/jenkins-tf-rg/providers/Microsoft.KeyVault/vaults/jenkins-tf-keyvault/secrets/admin-username/versions/1da3688be3204872a5b5d54b08add067",
            "resource_versionless_id": "/subscriptions/8174c7c1-0633-4f33-af31-990f0e2b3f83/resourceGroups/jenkins-tf-rg/providers/Microsoft.KeyVault/vaults/jenkins-tf-keyvault/secrets/admin-username",
            "tags": {
              "file-encoding": "utf-8"
            },
            "timeouts": null,
            "value": "adminuser",
            "version": "1da3688be3204872a5b5d54b08add067",
            "versionless_id": "https://jenkins-tf-keyvault.vault.azure.net/secrets/admin-username"
          },
          "sensitive_attributes": [
            [
              {
                "type": "get_attr",
                "value": "value"
              }
            ]
          ]
        }
      ]
    },
    {
      "module": "module.vm",
      "mode": "managed",
      "type": "azurerm_resource_group",
      "name": "rg",
      "provider": "provider[\"registry.terraform.io/hashicorp/azurerm\"]",
      "instances": [
        {
          "schema_version": 0,
          "attributes": {
            "id": "/subscriptions/8174c7c1-0633-4f33-af31-990f0e2b3f83/resourceGroups/jenkins-tf-rg",
            "location": "canadacentral",
            "managed_by": "",
            "name": "jenkins-tf-rg",
            "tags": {},
            "timeouts": null
          },
          "sensitive_attributes": [],
          "private": "eyJlMmJmYjczMC1lY2FhLTExZTYtOGY4OC0zNDM2M2JjN2M0YzAiOnsiY3JlYXRlIjo1NDAwMDAwMDAwMDAwLCJkZWxldGUiOjU0MDAwMDAwMDAwMDAsInJlYWQiOjMwMDAwMDAwMDAwMCwidXBkYXRlIjo1NDAwMDAwMDAwMDAwfSwic2NoZW1hX3ZlcnNpb24iOiIwIn0="
        }
      ]
    }
  ],
  "check_results": null
}
